// !$*UTF8*$!
{
	archiveVersion = 1;
	classes = {
	};
	objectVersion = 50;
	objects = {

/* Begin PBXBuildFile section */
		07374EE22105C833002A2650 /* JQewController.m in Sources */ = {isa = PBXBuildFile; fileRef = 07374EDE2105C833002A2650 /* JQewController.m */; };
		07374EE32105C833002A2650 /* JQpDelegate.m in Sources */ = {isa = PBXBuildFile; fileRef = 07374EE02105C833002A2650 /* JQpDelegate.m */; };
		0795AFD6210305A5005C3DDA /* Main.storyboard in Resources */ = {isa = PBXBuildFile; fileRef = 0795AFD4210305A5005C3DDA /* Main.storyboard */; };
		0795AFD8210305A7005C3DDA /* Assets.xcassets in Resources */ = {isa = PBXBuildFile; fileRef = 0795AFD7210305A7005C3DDA /* Assets.xcassets */; };
		0795AFDB210305A7005C3DDA /* LaunchScreen.storyboard in Resources */ = {isa = PBXBuildFile; fileRef = 0795AFD9210305A7005C3DDA /* LaunchScreen.storyboard */; };
		0795AFDE210305A7005C3DDA /* main.m in Sources */ = {isa = PBXBuildFile; fileRef = 0795AFDD210305A7005C3DDA /* main.m */; };
		0795AFE8210305A7005C3DDA /* DataSpamCodeDemoTests.m in Sources */ = {isa = PBXBuildFile; fileRef = 0795AFE7210305A7005C3DDA /* DataSpamCodeDemoTests.m */; };
		0795AFF3210305A7005C3DDA /* DataSpamCodeDemoUITests.m in Sources */ = {isa = PBXBuildFile; fileRef = 0795AFF2210305A7005C3DDA /* DataSpamCodeDemoUITests.m */; };
/* End PBXBuildFile section */

/* Begin PBXContainerItemProxy section */
		0795AFE4210305A7005C3DDA /* PBXContainerItemProxy */ = {
			isa = PBXContainerItemProxy;
			containerPortal = 0795AFC3210305A5005C3DDA /* Project object */;
			proxyType = 1;
			remoteGlobalIDString = 0795AFCA210305A5005C3DDA;
			remoteInfo = DataSpamCode;
		};
		0795AFEF210305A7005C3DDA /* PBXContainerItemProxy */ = {
			isa = PBXContainerItemProxy;
			containerPortal = 0795AFC3210305A5005C3DDA /* Project object */;
			proxyType = 1;
			remoteGlobalIDString = 0795AFCA210305A5005C3DDA;
			remoteInfo = DataSpamCode;
		};
/* End PBXContainerItemProxy section */

/* Begin PBXFileReference section */
		07374EDE2105C833002A2650 /* JQewController.m */ = {isa = PBXFileReference; fileEncoding = 4; lastKnownFileType = sourcecode.c.objc; path = JQewController.m; sourceTree = "<group>"; };
		07374EDF2105C833002A2650 /* JQpDelegate.h */ = {isa = PBXFileReference; fileEncoding = 4; lastKnownFileType = sourcecode.c.h; path = JQpDelegate.h; sourceTree = "<group>"; };
		07374EE02105C833002A2650 /* JQpDelegate.m */ = {isa = PBXFileReference; fileEncoding = 4; lastKnownFileType = sourcecode.c.objc; path = JQpDelegate.m; sourceTree = "<group>"; };
		07374EE42105CB48002A2650 /* JQewController.h */ = {isa = PBXFileReference; fileEncoding = 4; lastKnownFileType = sourcecode.c.h; path = JQewController.h; sourceTree = "<group>"; };
		0795AFCB210305A5005C3DDA /* DataSpamCode.app */ = {isa = PBXFileReference; explicitFileType = wrapper.application; includeInIndex = 0; path = DataSpamCode.app; sourceTree = BUILT_PRODUCTS_DIR; };
		0795AFD5210305A5005C3DDA /* Base */ = {isa = PBXFileReference; lastKnownFileType = file.storyboard; name = Base; path = Base.lproj/Main.storyboard; sourceTree = "<group>"; };
		0795AFD7210305A7005C3DDA /* Assets.xcassets */ = {isa = PBXFileReference; lastKnownFileType = folder.assetcatalog; path = Assets.xcassets; sourceTree = "<group>"; };
		0795AFDA210305A7005C3DDA /* Base */ = {isa = PBXFileReference; lastKnownFileType = file.storyboard; name = Base; path = Base.lproj/LaunchScreen.storyboard; sourceTree = "<group>"; };
		0795AFDC210305A7005C3DDA /* Info.plist */ = {isa = PBXFileReference; lastKnownFileType = text.plist.xml; path = Info.plist; sourceTree = "<group>"; };
		0795AFDD210305A7005C3DDA /* main.m */ = {isa = PBXFileReference; lastKnownFileType = sourcecode.c.objc; path = main.m; sourceTree = "<group>"; };
		0795AFE3210305A7005C3DDA /* DataSpamCodeDemoTests.xctest */ = {isa = PBXFileReference; explicitFileType = wrapper.cfbundle; includeInIndex = 0; path = DataSpamCodeDemoTests.xctest; sourceTree = BUILT_PRODUCTS_DIR; };
		0795AFE7210305A7005C3DDA /* DataSpamCodeDemoTests.m */ = {isa = PBXFileReference; lastKnownFileType = sourcecode.c.objc; path = DataSpamCodeDemoTests.m; sourceTree = "<group>"; };
		0795AFE9210305A7005C3DDA /* Info.plist */ = {isa = PBXFileReference; lastKnownFileType = text.plist.xml; path = Info.plist; sourceTree = "<group>"; };
		0795AFEE210305A7005C3DDA /* DataSpamCodeDemoUITests.xctest */ = {isa = PBXFileReference; explicitFileType = wrapper.cfbundle; includeInIndex = 0; path = DataSpamCodeDemoUITests.xctest; sourceTree = BUILT_PRODUCTS_DIR; };
		0795AFF2210305A7005C3DDA /* DataSpamCodeDemoUITests.m */ = {isa = PBXFileReference; lastKnownFileType = sourcecode.c.objc; path = DataSpamCodeDemoUITests.m; sourceTree = "<group>"; };
		0795AFF4210305A7005C3DDA /* Info.plist */ = {isa = PBXFileReference; lastKnownFileType = text.plist.xml; path = Info.plist; sourceTree = "<group>"; };
/* End PBXFileReference section */

/* Begin PBXFrameworksBuildPhase section */
		0795AFC8210305A5005C3DDA /* Frameworks */ = {
			isa = PBXFrameworksBuildPhase;
			buildActionMask = 2147483647;
			files = (
			);
			runOnlyForDeploymentPostprocessing = 0;
		};
		0795AFE0210305A7005C3DDA /* Frameworks */ = {
			isa = PBXFrameworksBuildPhase;
			buildActionMask = 2147483647;
			files = (
			);
			runOnlyForDeploymentPostprocessing = 0;
		};
		0795AFEB210305A7005C3DDA /* Frameworks */ = {
			isa = PBXFrameworksBuildPhase;
			buildActionMask = 2147483647;
			files = (
			);
			runOnlyForDeploymentPostprocessing = 0;
		};
/* End PBXFrameworksBuildPhase section */

/* Begin PBXGroup section */
		0795AFC2210305A5005C3DDA = {
			isa = PBXGroup;
			children = (
				0795AFCD210305A5005C3DDA /* DataSpamCode */,
				0795AFE6210305A7005C3DDA /* DataSpamCodeDemoTests */,
				0795AFF1210305A7005C3DDA /* DataSpamCodeDemoUITests */,
				0795AFCC210305A5005C3DDA /* Products */,
			);
			sourceTree = "<group>";
		};
		0795AFCC210305A5005C3DDA /* Products */ = {
			isa = PBXGroup;
			children = (
				0795AFCB210305A5005C3DDA /* DataSpamCode.app */,
				0795AFE3210305A7005C3DDA /* DataSpamCodeDemoTests.xctest */,
				0795AFEE210305A7005C3DDA /* DataSpamCodeDemoUITests.xctest */,
			);
			name = Products;
			sourceTree = "<group>";
		};
		0795AFCD210305A5005C3DDA /* DataSpamCode */ = {
			isa = PBXGroup;
			children = (
				07374EE42105CB48002A2650 /* JQewController.h */,
				07374EDE2105C833002A2650 /* JQewController.m */,
				07374EDF2105C833002A2650 /* JQpDelegate.h */,
				07374EE02105C833002A2650 /* JQpDelegate.m */,
				0795AFD4210305A5005C3DDA /* Main.storyboard */,
				0795AFD7210305A7005C3DDA /* Assets.xcassets */,
				0795AFD9210305A7005C3DDA /* LaunchScreen.storyboard */,
				0795AFDC210305A7005C3DDA /* Info.plist */,
				0795AFDD210305A7005C3DDA /* main.m */,
			);
			path = DataSpamCode;
			sourceTree = "<group>";
		};
		0795AFE6210305A7005C3DDA /* DataSpamCodeDemoTests */ = {
			isa = PBXGroup;
			children = (
				0795AFE7210305A7005C3DDA /* DataSpamCodeDemoTests.m */,
				0795AFE9210305A7005C3DDA /* Info.plist */,
			);
			path = DataSpamCodeDemoTests;
			sourceTree = "<group>";
		};
		0795AFF1210305A7005C3DDA /* DataSpamCodeDemoUITests */ = {
			isa = PBXGroup;
			children = (
				0795AFF2210305A7005C3DDA /* DataSpamCodeDemoUITests.m */,
				0795AFF4210305A7005C3DDA /* Info.plist */,
			);
			path = DataSpamCodeDemoUITests;
			sourceTree = "<group>";
		};
/* End PBXGroup section */

/* Begin PBXNativeTarget section */
		0795AFCA210305A5005C3DDA /* DataSpamCode */ = {
			isa = PBXNativeTarget;
			buildConfigurationList = 0795AFF7210305A7005C3DDA /* Build configuration list for PBXNativeTarget "DataSpamCode" */;
			buildPhases = (
				0795AFC7210305A5005C3DDA /* Sources */,
				0795AFC8210305A5005C3DDA /* Frameworks */,
				0795AFC9210305A5005C3DDA /* Resources */,
			);
			buildRules = (
			);
			dependencies = (
			);
			name = DataSpamCode;
			productName = DataSpamCode;
			productReference = 0795AFCB210305A5005C3DDA /* DataSpamCode.app */;
			productType = "com.apple.product-type.application";
		};
		0795AFE2210305A7005C3DDA /* DataSpamCodeDemoTests */ = {
			isa = PBXNativeTarget;
			buildConfigurationList = 0795AFFA210305A7005C3DDA /* Build configuration list for PBXNativeTarget "DataSpamCodeDemoTests" */;
			buildPhases = (
				0795AFDF210305A7005C3DDA /* Sources */,
				0795AFE0210305A7005C3DDA /* Frameworks */,
				0795AFE1210305A7005C3DDA /* Resources */,
			);
			buildRules = (
			);
			dependencies = (
				0795AFE5210305A7005C3DDA /* PBXTargetDependency */,
			);
			name = DataSpamCodeDemoTests;
			productName = DataSpamCodeDemoTests;
			productReference = 0795AFE3210305A7005C3DDA /* DataSpamCodeDemoTests.xctest */;
			productType = "com.apple.product-type.bundle.unit-test";
		};
		0795AFED210305A7005C3DDA /* DataSpamCodeDemoUITests */ = {
			isa = PBXNativeTarget;
			buildConfigurationList = 0795AFFD210305A7005C3DDA /* Build configuration list for PBXNativeTarget "DataSpamCodeDemoUITests" */;
			buildPhases = (
				0795AFEA210305A7005C3DDA /* Sources */,
				0795AFEB210305A7005C3DDA /* Frameworks */,
				0795AFEC210305A7005C3DDA /* Resources */,
			);
			buildRules = (
			);
			dependencies = (
				0795AFF0210305A7005C3DDA /* PBXTargetDependency */,
			);
			name = DataSpamCodeDemoUITests;
			productName = DataSpamCodeDemoUITests;
			productReference = 0795AFEE210305A7005C3DDA /* DataSpamCodeDemoUITests.xctest */;
			productType = "com.apple.product-type.bundle.ui-testing";
		};
/* End PBXNativeTarget section */

/* Begin PBXProject section */
		0795AFC3210305A5005C3DDA /* Project object */ = {
			isa = PBXProject;
			attributes = {
				LastUpgradeCheck = 0930;
				ORGANIZATIONNAME = "韩俊强";
				TargetAttributes = {
					0795AFCA210305A5005C3DDA = {
						CreatedOnToolsVersion = 9.3;
					};
					0795AFE2210305A7005C3DDA = {
						CreatedOnToolsVersion = 9.3;
						TestTargetID = 0795AFCA210305A5005C3DDA;
					};
					0795AFED210305A7005C3DDA = {
						CreatedOnToolsVersion = 9.3;
						TestTargetID = 0795AFCA210305A5005C3DDA;
					};
				};
			};
			buildConfigurationList = 0795AFC6210305A5005C3DDA /* Build configuration list for PBXProject "DataSpamCode" */;
			compatibilityVersion = "Xcode 9.3";
			developmentRegion = en;
			hasScannedForEncodings = 0;
			knownRegions = (
				en,
				Base,
			);
			mainGroup = 0795AFC2210305A5005C3DDA;
			productRefGroup = 0795AFCC210305A5005C3DDA /* Products */;
			projectDirPath = "";
			projectRoot = "";
			targets = (
				0795AFCA210305A5005C3DDA /* DataSpamCode */,
				0795AFE2210305A7005C3DDA /* DataSpamCodeDemoTests */,
				0795AFED210305A7005C3DDA /* DataSpamCodeDemoUITests */,
			);
		};
/* End PBXProject section */

/* Begin PBXResourcesBuildPhase section */
		0795AFC9210305A5005C3DDA /* Resources */ = {
			isa = PBXResourcesBuildPhase;
			buildActionMask = 2147483647;
			files = (
				0795AFDB210305A7005C3DDA /* LaunchScreen.storyboard in Resources */,
				0795AFD8210305A7005C3DDA /* Assets.xcassets in Resources */,
				0795AFD6210305A5005C3DDA /* Main.storyboard in Resources */,
			);
			runOnlyForDeploymentPostprocessing = 0;
		};
		0795AFE1210305A7005C3DDA /* Resources */ = {
			isa = PBXResourcesBuildPhase;
			buildActionMask = 2147483647;
			files = (
			);
			runOnlyForDeploymentPostprocessing = 0;
		};
		0795AFEC210305A7005C3DDA /* Resources */ = {
			isa = PBXResourcesBuildPhase;
			buildActionMask = 2147483647;
			files = (
			);
			runOnlyForDeploymentPostprocessing = 0;
		};
/* End PBXResourcesBuildPhase section */

/* Begin PBXSourcesBuildPhase section */
		0795AFC7210305A5005C3DDA /* Sources */ = {
			isa = PBXSourcesBuildPhase;
			buildActionMask = 2147483647;
			files = (
				0795AFDE210305A7005C3DDA /* main.m in Sources */,
				07374EE32105C833002A2650 /* JQpDelegate.m in Sources */,
				07374EE22105C833002A2650 /* JQewController.m in Sources */,
			);
			runOnlyForDeploymentPostprocessing = 0;
		};
		0795AFDF210305A7005C3DDA /* Sources */ = {
			isa = PBXSourcesBuildPhase;
			buildActionMask = 2147483647;
			files = (
				0795AFE8210305A7005C3DDA /* DataSpamCodeDemoTests.m in Sources */,
			);
			runOnlyForDeploymentPostprocessing = 0;
		};
		0795AFEA210305A7005C3DDA /* Sources */ = {
			isa = PBXSourcesBuildPhase;
			buildActionMask = 2147483647;
			files = (
				0795AFF3210305A7005C3DDA /* DataSpamCodeDemoUITests.m in Sources */,
			);
			runOnlyForDeploymentPostprocessing = 0;
		};
/* End PBXSourcesBuildPhase section */

/* Begin PBXTargetDependency section */
		0795AFE5210305A7005C3DDA /* PBXTargetDependency */ = {
			isa = PBXTargetDependency;
			target = 0795AFCA210305A5005C3DDA /* DataSpamCode */;
			targetProxy = 0795AFE4210305A7005C3DDA /* PBXContainerItemProxy */;
		};
		0795AFF0210305A7005C3DDA /* PBXTargetDependency */ = {
			isa = PBXTargetDependency;
			target = 0795AFCA210305A5005C3DDA /* DataSpamCode */;
			targetProxy = 0795AFEF210305A7005C3DDA /* PBXContainerItemProxy */;
		};
/* End PBXTargetDependency section */

/* Begin PBXVariantGroup section */
		0795AFD4210305A5005C3DDA /* Main.storyboard */ = {
			isa = PBXVariantGroup;
			children = (
				0795AFD5210305A5005C3DDA /* Base */,
			);
			name = Main.storyboard;
			sourceTree = "<group>";
		};
		0795AFD9210305A7005C3DDA /* LaunchScreen.storyboard */ = {
			isa = PBXVariantGroup;
			children = (
				0795AFDA210305A7005C3DDA /* Base */,
			);
			name = LaunchScreen.storyboard;
			sourceTree = "<group>";
		};
/* End PBXVariantGroup section */

/* Begin XCBuildConfiguration section */
		0795AFF5210305A7005C3DDA /* Debug */ = {
			isa = XCBuildConfiguration;
			buildSettings = {
				ALWAYS_SEARCH_USER_PATHS = NO;
				CLANG_ANALYZER_NONNULL = YES;
				CLANG_ANALYZER_NUMBER_OBJECT_CONVERSION = YES_AGGRESSIVE;
				CLANG_CXX_LANGUAGE_STANDARD = "gnu++14";
				CLANG_CXX_LIBRARY = "libc++";
				CLANG_ENABLE_MODULES = YES;
				CLANG_ENABLE_OBJC_ARC = YES;
				CLANG_ENABLE_OBJC_WEAK = YES;
				CLANG_WARN_BLOCK_CAPTURE_AUTORELEASING = YES;
				CLANG_WARN_BOOL_CONVERSION = YES;
				CLANG_WARN_COMMA = YES;
				CLANG_WARN_CONSTANT_CONVERSION = YES;
				CLANG_WARN_DEPRECATED_OBJC_IMPLEMENTATIONS = YES;
				CLANG_WARN_DIRECT_OBJC_ISA_USAGE = YES_ERROR;
				CLANG_WARN_DOCUMENTATION_COMMENTS = YES;
				CLANG_WARN_EMPTY_BODY = YES;
				CLANG_WARN_ENUM_CONVERSION = YES;
				CLANG_WARN_INFINITE_RECURSION = YES;
				CLANG_WARN_INT_CONVERSION = YES;
				CLANG_WARN_NON_LITERAL_NULL_CONVERSION = YES;
				CLANG_WARN_OBJC_IMPLICIT_RETAIN_SELF = YES;
				CLANG_WARN_OBJC_LITERAL_CONVERSION = YES;
				CLANG_WARN_OBJC_ROOT_CLASS = YES_ERROR;
				CLANG_WARN_RANGE_LOOP_ANALYSIS = YES;
				CLANG_WARN_STRICT_PROTOTYPES = YES;
				CLANG_WARN_SUSPICIOUS_MOVE = YES;
				CLANG_WARN_UNGUARDED_AVAILABILITY = YES_AGGRESSIVE;
				CLANG_WARN_UNREACHABLE_CODE = YES;
				CLANG_WARN__DUPLICATE_METHOD_MATCH = YES;
				CODE_SIGN_IDENTITY = "iPhone Developer";
				COPY_PHASE_STRIP = NO;
				DEBUG_INFORMATION_FORMAT = dwarf;
				ENABLE_STRICT_OBJC_MSGSEND = YES;
				ENABLE_TESTABILITY = YES;
				GCC_C_LANGUAGE_STANDARD = gnu11;
				GCC_DYNAMIC_NO_PIC = NO;
				GCC_NO_COMMON_BLOCKS = YES;
				GCC_OPTIMIZATION_LEVEL = 0;
				GCC_PREPROCESSOR_DEFINITIONS = (
					"DEBUG=1",
					"$(inherited)",
				);
				GCC_WARN_64_TO_32_BIT_CONVERSION = YES;
				GCC_WARN_ABOUT_RETURN_TYPE = YES_ERROR;
				GCC_WARN_UNDECLARED_SELECTOR = YES;
				GCC_WARN_UNINITIALIZED_AUTOS = YES_AGGRESSIVE;
				GCC_WARN_UNUSED_FUNCTION = YES;
				GCC_WARN_UNUSED_VARIABLE = YES;
				IPHONEOS_DEPLOYMENT_TARGET = 11.3;
				MTL_ENABLE_DEBUG_INFO = YES;
				ONLY_ACTIVE_ARCH = YES;
				SDKROOT = iphoneos;
			};
			name = Debug;
		};
		0795AFF6210305A7005C3DDA /* Release */ = {
			isa = XCBuildConfiguration;
			buildSettings = {
				ALWAYS_SEARCH_USER_PATHS = NO;
				CLANG_ANALYZER_NONNULL = YES;
				CLANG_ANALYZER_NUMBER_OBJECT_CONVERSION = YES_AGGRESSIVE;
				CLANG_CXX_LANGUAGE_STANDARD = "gnu++14";
				CLANG_CXX_LIBRARY = "libc++";
				CLANG_ENABLE_MODULES = YES;
				CLANG_ENABLE_OBJC_ARC = YES;
				CLANG_ENABLE_OBJC_WEAK = YES;
				CLANG_WARN_BLOCK_CAPTURE_AUTORELEASING = YES;
				CLANG_WARN_BOOL_CONVERSION = YES;
				CLANG_WARN_COMMA = YES;
				CLANG_WARN_CONSTANT_CONVERSION = YES;
				CLANG_WARN_DEPRECATED_OBJC_IMPLEMENTATIONS = YES;
				CLANG_WARN_DIRECT_OBJC_ISA_USAGE = YES_ERROR;
				CLANG_WARN_DOCUMENTATION_COMMENTS = YES;
				CLANG_WARN_EMPTY_BODY = YES;
				CLANG_WARN_ENUM_CONVERSION = YES;
				CLANG_WARN_INFINITE_RECURSION = YES;
				CLANG_WARN_INT_CONVERSION = YES;
				CLANG_WARN_NON_LITERAL_NULL_CONVERSION = YES;
				CLANG_WARN_OBJC_IMPLICIT_RETAIN_SELF = YES;
				CLANG_WARN_OBJC_LITERAL_CONVERSION = YES;
				CLANG_WARN_OBJC_ROOT_CLASS = YES_ERROR;
				CLANG_WARN_RANGE_LOOP_ANALYSIS = YES;
				CLANG_WARN_STRICT_PROTOTYPES = YES;
				CLANG_WARN_SUSPICIOUS_MOVE = YES;
				CLANG_WARN_UNGUARDED_AVAILABILITY = YES_AGGRESSIVE;
				CLANG_WARN_UNREACHABLE_CODE = YES;
				CLANG_WARN__DUPLICATE_METHOD_MATCH = YES;
				CODE_SIGN_IDENTITY = "iPhone Developer";
				COPY_PHASE_STRIP = NO;
				DEBUG_INFORMATION_FORMAT = "dwarf-with-dsym";
				ENABLE_NS_ASSERTIONS = NO;
				ENABLE_STRICT_OBJC_MSGSEND = YES;
				GCC_C_LANGUAGE_STANDARD = gnu11;
				GCC_NO_COMMON_BLOCKS = YES;
				GCC_WARN_64_TO_32_BIT_CONVERSION = YES;
				GCC_WARN_ABOUT_RETURN_TYPE = YES_ERROR;
				GCC_WARN_UNDECLARED_SELECTOR = YES;
				GCC_WARN_UNINITIALIZED_AUTOS = YES_AGGRESSIVE;
				GCC_WARN_UNUSED_FUNCTION = YES;
				GCC_WARN_UNUSED_VARIABLE = YES;
				IPHONEOS_DEPLOYMENT_TARGET = 11.3;
				MTL_ENABLE_DEBUG_INFO = NO;
				SDKROOT = iphoneos;
				VALIDATE_PRODUCT = YES;
			};
			name = Release;
		};
		0795AFF8210305A7005C3DDA /* Debug */ = {
			isa = XCBuildConfiguration;
			buildSettings = {
				ASSETCATALOG_COMPILER_APPICON_NAME = AppIcon;
				CODE_SIGN_STYLE = Automatic;
				DEVELOPMENT_TEAM = WTB2BKP7UZ;
				INFOPLIST_FILE = DataSpamCode/Info.plist;
				LD_RUNPATH_SEARCH_PATHS = (
					"$(inherited)",
					"@executable_path/Frameworks",
				);
				PRODUCT_BUNDLE_IDENTIFIER = com.spamCode.hari.DataSpamCode;
				PRODUCT_NAME = "$(TARGET_NAME)";
				TARGETED_DEVICE_FAMILY = "1,2";
			};
			name = Debug;
		};
		0795AFF9210305A7005C3DDA /* Release */ = {
			isa = XCBuildConfiguration;
			buildSettings = {
				ASSETCATALOG_COMPILER_APPICON_NAME = AppIcon;
				CODE_SIGN_STYLE = Automatic;
				DEVELOPMENT_TEAM = WTB2BKP7UZ;
				INFOPLIST_FILE = DataSpamCode/Info.plist;
				LD_RUNPATH_SEARCH_PATHS = (
					"$(inherited)",
					"@executable_path/Frameworks",
				);
				PRODUCT_BUNDLE_IDENTIFIER = com.spamCode.hari.DataSpamCode;
				PRODUCT_NAME = "$(TARGET_NAME)";
				TARGETED_DEVICE_FAMILY = "1,2";
			};
			name = Release;
		};
		0795AFFB210305A7005C3DDA /* Debug */ = {
			isa = XCBuildConfiguration;
			buildSettings = {
				BUNDLE_LOADER = "$(TEST_HOST)";
				CODE_SIGN_STYLE = Automatic;
				INFOPLIST_FILE = DataSpamCodeDemoTests/Info.plist;
				LD_RUNPATH_SEARCH_PATHS = (
					"$(inherited)",
					"@executable_path/Frameworks",
					"@loader_path/Frameworks",
				);
				PRODUCT_BUNDLE_IDENTIFIER = com.spamCode.hari.DataSpamCodeDemoTests;
				PRODUCT_NAME = "$(TARGET_NAME)";
				TARGETED_DEVICE_FAMILY = "1,2";
				TEST_HOST = "$(BUILT_PRODUCTS_DIR)/DataSpamCode.app/DataSpamCode";
			};
			name = Debug;
		};
		0795AFFC210305A7005C3DDA /* Release */ = {
			isa = XCBuildConfiguration;
			buildSettings = {
				BUNDLE_LOADER = "$(TEST_HOST)";
				CODE_SIGN_STYLE = Automatic;
				INFOPLIST_FILE = DataSpamCodeDemoTests/Info.plist;
				LD_RUNPATH_SEARCH_PATHS = (
					"$(inherited)",
					"@executable_path/Frameworks",
					"@loader_path/Frameworks",
				);
				PRODUCT_BUNDLE_IDENTIFIER = com.spamCode.hari.DataSpamCodeDemoTests;
				PRODUCT_NAME = "$(TARGET_NAME)";
				TARGETED_DEVICE_FAMILY = "1,2";
				TEST_HOST = "$(BUILT_PRODUCTS_DIR)/DataSpamCode.app/DataSpamCode";
			};
			name = Release;
		};
		0795AFFE210305A7005C3DDA /* Debug */ = {
			isa = XCBuildConfiguration;
			buildSettings = {
				CODE_SIGN_STYLE = Automatic;
				INFOPLIST_FILE = DataSpamCodeDemoUITests/Info.plist;
				LD_RUNPATH_SEARCH_PATHS = (
					"$(inherited)",
					"@executable_path/Frameworks",
					"@loader_path/Frameworks",
				);
				PRODUCT_BUNDLE_IDENTIFIER = com.spamCode.hari.DataSpamCodeDemoUITests;
				PRODUCT_NAME = "$(TARGET_NAME)";
				TARGETED_DEVICE_FAMILY = "1,2";
				TEST_TARGET_NAME = DataSpamCode;
			};
			name = Debug;
		};
		0795AFFF210305A7005C3DDA /* Release */ = {
			isa = XCBuildConfiguration;
			buildSettings = {
				CODE_SIGN_STYLE = Automatic;
				INFOPLIST_FILE = DataSpamCodeDemoUITests/Info.plist;
				LD_RUNPATH_SEARCH_PATHS = (
					"$(inherited)",
					"@executable_path/Frameworks",
					"@loader_path/Frameworks",
				);
				PRODUCT_BUNDLE_IDENTIFIER = com.spamCode.hari.DataSpamCodeDemoUITests;
				PRODUCT_NAME = "$(TARGET_NAME)";
				TARGETED_DEVICE_FAMILY = "1,2";
				TEST_TARGET_NAME = DataSpamCode;
			};
			name = Release;
		};
/* End XCBuildConfiguration section */

/* Begin XCConfigurationList section */
		0795AFC6210305A5005C3DDA /* Build configuration list for PBXProject "DataSpamCode" */ = {
			isa = XCConfigurationList;
			buildConfigurations = (
				0795AFF5210305A7005C3DDA /* Debug */,
				0795AFF6210305A7005C3DDA /* Release */,
			);
			defaultConfigurationIsVisible = 0;
			defaultConfigurationName = Release;
		};
		0795AFF7210305A7005C3DDA /* Build configuration list for PBXNativeTarget "DataSpamCode" */ = {
			isa = XCConfigurationList;
			buildConfigurations = (
				0795AFF8210305A7005C3DDA /* Debug */,
				0795AFF9210305A7005C3DDA /* Release */,
			);
			defaultConfigurationIsVisible = 0;
			defaultConfigurationName = Release;
		};
		0795AFFA210305A7005C3DDA /* Build configuration list for PBXNativeTarget "DataSpamCodeDemoTests" */ = {
			isa = XCConfigurationList;
			buildConfigurations = (
				0795AFFB210305A7005C3DDA /* Debug */,
				0795AFFC210305A7005C3DDA /* Release */,
			);
			defaultConfigurationIsVisible = 0;
			defaultConfigurationName = Release;
		};
		0795AFFD210305A7005C3DDA /* Build configuration list for PBXNativeTarget "DataSpamCodeDemoUITests" */ = {
			isa = XCConfigurationList;
			buildConfigurations = (
				0795AFFE210305A7005C3DDA /* Debug */,
				0795AFFF210305A7005C3DDA /* Release */,
			);
			defaultConfigurationIsVisible = 0;
			defaultConfigurationName = Release;
		};
/* End XCConfigurationList section */
	};
	rootObject = 0795AFC3210305A5005C3DDA /* Project object */;
}
